
Microsoft Visual Studio Solution File, Format Version 12.00
# Visual Studio Version 17
VisualStudioVersion = 17.14.36212.18 d17.14
MinimumVisualStudioVersion = 10.0.40219.1
Project("{FAE04EC0-301F-11D3-BF4B-00C04F79EFBC}") = "azure-app-asiema-vs", "azure-app-asiema-vs\azure-app-asiema-vs.csproj", "{40F0D95D-EA1D-4D5A-9BBB-2B02309F6776}"
EndProject
Global
	GlobalSection(SolutionConfigurationPlatforms) = preSolution
		Debug|Any CPU = Debug|Any CPU
		Release|Any CPU = Release|Any CPU
	EndGlobalSection
	GlobalSection(ProjectConfigurationPlatforms) = postSolution
		{40F0D95D-EA1D-4D5A-9BBB-2B02309F6776}.Debug|Any CPU.ActiveCfg = Debug|Any CPU
		{40F0D95D-EA1D-4D5A-9BBB-2B02309F6776}.Debug|Any CPU.Build.0 = Debug|Any CPU
		{40F0D95D-EA1D-4D5A-9BBB-2B02309F6776}.Release|Any CPU.ActiveCfg = Release|Any CPU
		{40F0D95D-EA1D-4D5A-9BBB-2B02309F6776}.Release|Any CPU.Build.0 = Release|Any CPU
	EndGlobalSection
	GlobalSection(SolutionProperties) = preSolution
		HideSolutionNode = FALSE
	EndGlobalSection
	GlobalSection(ExtensibilityGlobals) = postSolution
		SolutionGuid = {50323BBC-7438-4BED-937E-0B56D22EB985}
	EndGlobalSection
EndGlobal
